
Microsoft Visual Studio Solution File, Format Version 12.00
# Visual Studio Version 17
VisualStudioVersion = 17.6.33801.468
MinimumVisualStudioVersion = 10.0.40219.1
Project("{FAE04EC0-301F-11D3-BF4B-00C04F79EFBC}") = "bluetooth wpf test", "bluetooth wpf test.csproj", "{657867F5-A177-4C57-9778-B45BB530FFDC}"
EndProject
Global
	GlobalSection(SolutionConfigurationPlatforms) = preSolution
		Debug|Any CPU = Debug|Any CPU
		Release|Any CPU = Release|Any CPU
	EndGlobalSection
	GlobalSection(ProjectConfigurationPlatforms) = postSolution
		{657867F5-A177-4C57-9778-B45BB530FFDC}.Debug|Any CPU.ActiveCfg = Debug|Any CPU
		{657867F5-A177-4C57-9778-B45BB530FFDC}.Debug|Any CPU.Build.0 = Debug|Any CPU
		{657867F5-A177-4C57-9778-B45BB530FFDC}.Release|Any CPU.ActiveCfg = Release|Any CPU
		{657867F5-A177-4C57-9778-B45BB530FFDC}.Release|Any CPU.Build.0 = Release|Any CPU
	EndGlobalSection
	GlobalSection(SolutionProperties) = preSolution
		HideSolutionNode = FALSE
	EndGlobalSection
	GlobalSection(ExtensibilityGlobals) = postSolution
		SolutionGuid = {3A3CFCB5-DD77-40D5-904B-F700D54B1E4C}
	EndGlobalSection
EndGlobal
